
Microsoft Visual Studio Solution File, Format Version 12.00
# Visual Studio 15
VisualStudioVersion = 15.0.28307.572
MinimumVisualStudioVersion = 10.0.40219.1
Project("{2150E333-8FDC-42A3-9474-1A3956D46DE8}") = "Source", "Source", "{6E25F010-1E80-493D-BE43-ABA0F8F34988}"
EndProject
Project("{9A19103F-16F7-4668-BE54-9A1E7A4F7556}") = "Chicken", "Chicken\Chicken.csproj", "{123BA968-395A-4287-B042-F066E81794AD}"
EndProject
Project("{FAE04EC0-301F-11D3-BF4B-00C04F79EFBC}") = "CDS002.IEnumerableWithGenericsDemo", "ArtificialIntelligence\CDS002.IEnumerableWithGenericsDemo.csproj", "{4A5073BA-1F96-4149-B858-57DAF8337D77}"
EndProject
Project("{FAE04EC0-301F-11D3-BF4B-00C04F79EFBC}") = "DS03.Poker", "Poker\Poker\DS03.Poker.csproj", "{A0B16CB8-2048-43E2-9B3C-FCD3C69035AA}"
EndProject
Project("{FAE04EC0-301F-11D3-BF4B-00C04F79EFBC}") = "CDS005.IListWithGenericsDemo", "CDS004.IListWithGenericsDemo\CDS005.IListWithGenericsDemo.csproj", "{3C06DD36-8508-4E0E-B8E8-0C5E434C9AC1}"
EndProject
Project("{FAE04EC0-301F-11D3-BF4B-00C04F79EFBC}") = "CDS000.Common", "CDS000.Common\CDS000.Common.csproj", "{DE0620A6-8BCC-4C11-95DC-C535A7863E08}"
EndProject
Project("{9A19103F-16F7-4668-BE54-9A1E7A4F7556}") = "Euler", "..\..\新建文件夹 (5)\Source\Euler\Euler\Euler.csproj", "{6F5CEA60-A356-423B-AB40-5B7BF226A2D9}"
EndProject
Global
	GlobalSection(SolutionConfigurationPlatforms) = preSolution
		Debug|Any CPU = Debug|Any CPU
		Release|Any CPU = Release|Any CPU
	EndGlobalSection
	GlobalSection(ProjectConfigurationPlatforms) = postSolution
		{123BA968-395A-4287-B042-F066E81794AD}.Debug|Any CPU.ActiveCfg = Debug|Any CPU
		{123BA968-395A-4287-B042-F066E81794AD}.Debug|Any CPU.Build.0 = Debug|Any CPU
		{123BA968-395A-4287-B042-F066E81794AD}.Release|Any CPU.ActiveCfg = Release|Any CPU
		{123BA968-395A-4287-B042-F066E81794AD}.Release|Any CPU.Build.0 = Release|Any CPU
		{4A5073BA-1F96-4149-B858-57DAF8337D77}.Debug|Any CPU.ActiveCfg = Debug|Any CPU
		{4A5073BA-1F96-4149-B858-57DAF8337D77}.Debug|Any CPU.Build.0 = Debug|Any CPU
		{4A5073BA-1F96-4149-B858-57DAF8337D77}.Release|Any CPU.ActiveCfg = Release|Any CPU
		{4A5073BA-1F96-4149-B858-57DAF8337D77}.Release|Any CPU.Build.0 = Release|Any CPU
		{A0B16CB8-2048-43E2-9B3C-FCD3C69035AA}.Debug|Any CPU.ActiveCfg = Debug|Any CPU
		{A0B16CB8-2048-43E2-9B3C-FCD3C69035AA}.Debug|Any CPU.Build.0 = Debug|Any CPU
		{A0B16CB8-2048-43E2-9B3C-FCD3C69035AA}.Release|Any CPU.ActiveCfg = Release|Any CPU
		{A0B16CB8-2048-43E2-9B3C-FCD3C69035AA}.Release|Any CPU.Build.0 = Release|Any CPU
		{3C06DD36-8508-4E0E-B8E8-0C5E434C9AC1}.Debug|Any CPU.ActiveCfg = Debug|Any CPU
		{3C06DD36-8508-4E0E-B8E8-0C5E434C9AC1}.Debug|Any CPU.Build.0 = Debug|Any CPU
		{3C06DD36-8508-4E0E-B8E8-0C5E434C9AC1}.Release|Any CPU.ActiveCfg = Release|Any CPU
		{3C06DD36-8508-4E0E-B8E8-0C5E434C9AC1}.Release|Any CPU.Build.0 = Release|Any CPU
		{DE0620A6-8BCC-4C11-95DC-C535A7863E08}.Debug|Any CPU.ActiveCfg = Debug|Any CPU
		{DE0620A6-8BCC-4C11-95DC-C535A7863E08}.Debug|Any CPU.Build.0 = Debug|Any CPU
		{DE0620A6-8BCC-4C11-95DC-C535A7863E08}.Release|Any CPU.ActiveCfg = Release|Any CPU
		{DE0620A6-8BCC-4C11-95DC-C535A7863E08}.Release|Any CPU.Build.0 = Release|Any CPU
		{6F5CEA60-A356-423B-AB40-5B7BF226A2D9}.Debug|Any CPU.ActiveCfg = Debug|Any CPU
		{6F5CEA60-A356-423B-AB40-5B7BF226A2D9}.Debug|Any CPU.Build.0 = Debug|Any CPU
		{6F5CEA60-A356-423B-AB40-5B7BF226A2D9}.Release|Any CPU.ActiveCfg = Release|Any CPU
		{6F5CEA60-A356-423B-AB40-5B7BF226A2D9}.Release|Any CPU.Build.0 = Release|Any CPU
	EndGlobalSection
	GlobalSection(SolutionProperties) = preSolution
		HideSolutionNode = FALSE
	EndGlobalSection
	GlobalSection(NestedProjects) = preSolution
		{123BA968-395A-4287-B042-F066E81794AD} = {6E25F010-1E80-493D-BE43-ABA0F8F34988}
		{4A5073BA-1F96-4149-B858-57DAF8337D77} = {6E25F010-1E80-493D-BE43-ABA0F8F34988}
		{A0B16CB8-2048-43E2-9B3C-FCD3C69035AA} = {6E25F010-1E80-493D-BE43-ABA0F8F34988}
		{3C06DD36-8508-4E0E-B8E8-0C5E434C9AC1} = {6E25F010-1E80-493D-BE43-ABA0F8F34988}
		{DE0620A6-8BCC-4C11-95DC-C535A7863E08} = {6E25F010-1E80-493D-BE43-ABA0F8F34988}
		{6F5CEA60-A356-423B-AB40-5B7BF226A2D9} = {6E25F010-1E80-493D-BE43-ABA0F8F34988}
	EndGlobalSection
	GlobalSection(ExtensibilityGlobals) = postSolution
		SolutionGuid = {1F3D3F40-81B7-4D13-A4B1-A9C078BBB50D}
	EndGlobalSection
EndGlobal
